github.com/graph-gophers/graphql-go v0.0.0-20191113173545-5ef3e23df847 h1:blDv6VD2MkFgsUBf7bP7r0rzpbMOeIPF3iZhNyRZVRc=
github.com/graph-gophers/graphql-go v0.0.0-20191113173545-5ef3e23df847/go.mod h1:9CQHMSxwO4MprSdzoIEobiHpoLtHm77vfxsvsIN5Vuc=
github.com/opentracing/opentracing-go v1.1.0 h1:pWlfV3Bxv7k65HYwkikxat0+s3pV4bsqf19k25Ur8rU=
github.com/opentracing/opentracing-go v1.1.0/go.mod h1:UkNAQd3GIcIGf0SeVgPpRdFStlNbqXla1AfSYxPUl2o=
